{
  "name": "@skids/shared",
  "version": "3.0.0",
  "lockfileVersion": 3,
  "requires": true,
  "packages": {
    "": {
      "name": "@skids/shared",
      "version": "3.0.0",
      "dependencies": {
        "zod": "^3.24.0"
      },
      "devDependencies": {
        "@types/fhir": "^0.0.41",
        "typescript": "^5.8.0"
      }
    },
    "node_modules/@types/fhir": {
      "version": "0.0.41",
      "resolved": "https://registry.npmjs.org/@types/fhir/-/fhir-0.0.41.tgz",
      "integrity": "sha512-MAQAFufNZBZ6V0F94Nhknmmh/E3iMXFK4n/L8RkSNjKtOJnvaAJERivNOj35VVx9VCQBJbE0BHSzikfBahoRhA==",
      "dev": true,
      "license": "MIT"
    },
    "node_modules/typescript": {
      "version": "5.9.3",
      "resolved": "https://registry.npmjs.org/typescript/-/typescript-5.9.3.tgz",
      "integrity": "sha512-jl1vZzPDinLr9eUt3J/t7V6FgNEw9QjvBPdysz9KfQDD41fQrC2Y4vKQdiaUpFT4bXlb1RHhLpp8wtm6M5TgSw==",
      "dev": true,
      "license": "Apache-2.0",
      "bin": {
        "tsc": "bin/tsc",
        "tsserver": "bin/tsserver"
      },
      "engines": {
        "node": ">=14.17"
      }
    },
    "node_modules/zod": {
      "version": "3.25.76",
      "license": "MIT",
      "funding": {
        "url": "https://github.com/sponsors/colinhacks"
      }
    }
  }
}
